
Microsoft Visual Studio Solution File, Format Version 12.00
# Visual Studio Version 16
VisualStudioVersion = 16.0.28803.452
MinimumVisualStudioVersion = 10.0.40219.1
Project("{FAE04EC0-301F-11D3-BF4B-00C04F79EFBC}") = "CompanyDataApp", "CompanyDataApp.csproj", "{0BFB6765-B791-46EB-9613-6C03F44DF50E}"
EndProject
Global
	GlobalSection(SolutionConfigurationPlatforms) = preSolution
		Debug|Any CPU = Debug|Any CPU
		Release|Any CPU = Release|Any CPU
	EndGlobalSection
	GlobalSection(ProjectConfigurationPlatforms) = postSolution
		{0BFB6765-B791-46EB-9613-6C03F44DF50E}.Debug|Any CPU.ActiveCfg = Debug|Any CPU
		{0BFB6765-B791-46EB-9613-6C03F44DF50E}.Debug|Any CPU.Build.0 = Debug|Any CPU
		{0BFB6765-B791-46EB-9613-6C03F44DF50E}.Release|Any CPU.ActiveCfg = Release|Any CPU
		{0BFB6765-B791-46EB-9613-6C03F44DF50E}.Release|Any CPU.Build.0 = Release|Any CPU
	EndGlobalSection
	GlobalSection(SolutionProperties) = preSolution
		HideSolutionNode = FALSE
	EndGlobalSection
	GlobalSection(ExtensibilityGlobals) = postSolution
		SolutionGuid = {615F35F3-F67F-4574-8BB6-2C4AA44ABA02}
	EndGlobalSection
EndGlobal
